
Microsoft Visual Studio Solution File, Format Version 12.00
# Visual Studio 15
VisualStudioVersion = 15.0.27428.2005
MinimumVisualStudioVersion = 10.0.40219.1
Project("{FAE04EC0-301F-11D3-BF4B-00C04F79EFBC}") = "Examples", "Examples\Examples.csproj", "{63F987AC-E057-45FC-9027-749E9F186275}"
EndProject
Project("{FAE04EC0-301F-11D3-BF4B-00C04F79EFBC}") = "ExamplesUnitTests", "ExamplesUnitTests\ExamplesUnitTests.csproj", "{67629BBC-8AC3-4520-916E-92D948CFFB88}"
EndProject
Global
	GlobalSection(SolutionConfigurationPlatforms) = preSolution
		Debug|Any CPU = Debug|Any CPU
		Release|Any CPU = Release|Any CPU
	EndGlobalSection
	GlobalSection(ProjectConfigurationPlatforms) = postSolution
		{63F987AC-E057-45FC-9027-749E9F186275}.Debug|Any CPU.ActiveCfg = Debug|Any CPU
		{63F987AC-E057-45FC-9027-749E9F186275}.Debug|Any CPU.Build.0 = Debug|Any CPU
		{63F987AC-E057-45FC-9027-749E9F186275}.Release|Any CPU.ActiveCfg = Release|Any CPU
		{63F987AC-E057-45FC-9027-749E9F186275}.Release|Any CPU.Build.0 = Release|Any CPU
		{67629BBC-8AC3-4520-916E-92D948CFFB88}.Debug|Any CPU.ActiveCfg = Debug|Any CPU
		{67629BBC-8AC3-4520-916E-92D948CFFB88}.Debug|Any CPU.Build.0 = Debug|Any CPU
		{67629BBC-8AC3-4520-916E-92D948CFFB88}.Release|Any CPU.ActiveCfg = Release|Any CPU
		{67629BBC-8AC3-4520-916E-92D948CFFB88}.Release|Any CPU.Build.0 = Release|Any CPU
	EndGlobalSection
	GlobalSection(SolutionProperties) = preSolution
		HideSolutionNode = FALSE
	EndGlobalSection
	GlobalSection(ExtensibilityGlobals) = postSolution
		SolutionGuid = {B225FE44-BDAA-440B-9C4B-48A8A36F4D6D}
	EndGlobalSection
EndGlobal
