
Microsoft Visual Studio Solution File, Format Version 12.00
# Visual Studio 15
VisualStudioVersion = 15.0.27428.2005
MinimumVisualStudioVersion = 10.0.40219.1
Project("{FAE04EC0-301F-11D3-BF4B-00C04F79EFBC}") = "Examples", "Examples\Examples.csproj", "{63F987AC-E057-45FC-9027-749E9F186275}"
EndProject
Project("{FAE04EC0-301F-11D3-BF4B-00C04F79EFBC}") = "ExamplesUnitTests", "ExamplesUnitTests\ExamplesUnitTests.csproj", "{67629BBC-8AC3-4520-916E-92D948CFFB88}"
EndProject
Project("{2150E333-8FDC-42A3-9474-1A3956D46DE8}") = "BasicUnitTests", "BasicUnitTests", "{78A98578-E45A-47BC-9578-DCAEBF1FB47E}"
EndProject
Project("{FAE04EC0-301F-11D3-BF4B-00C04F79EFBC}") = "Calculator", "BasicUnitTests\Calculator\Calculator.csproj", "{AD82CA27-E7D1-4FBD-9044-6B8ED09E588F}"
EndProject
Project("{FAE04EC0-301F-11D3-BF4B-00C04F79EFBC}") = "CalculatorUnitTests", "BasicUnitTests\CalculatorUnitTests\CalculatorUnitTests.csproj", "{5E8F3535-7909-4B68-A794-113BB4809DBD}"
EndProject
Project("{2150E333-8FDC-42A3-9474-1A3956D46DE8}") = "CanWeTestIt", "CanWeTestIt", "{E59D082C-1878-4F62-800D-00081319D12C}"
EndProject
Project("{FAE04EC0-301F-11D3-BF4B-00C04F79EFBC}") = "UntestableCodeUnitTests", "UntestableCode\UntestableCodeTests\UntestableCodeUnitTests.csproj", "{0646F896-FCE5-4B35-839D-6CBF33AB584A}"
EndProject
Project("{FAE04EC0-301F-11D3-BF4B-00C04F79EFBC}") = "UntestableCode", "UntestableCode\UntestableCode\UntestableCode.csproj", "{570DAF6E-1FE4-46CA-A101-BCC82B5AF44C}"
EndProject
Project("{2150E333-8FDC-42A3-9474-1A3956D46DE8}") = "Collection", "Collection", "{C68DFC00-0473-4C3E-A770-AD20BDD36474}"
EndProject
Project("{FAE04EC0-301F-11D3-BF4B-00C04F79EFBC}") = "Collection", "Collection\collection\Collection.csproj", "{061D2B08-944B-47B9-926E-8E9BAEC00828}"
EndProject
Project("{FAE04EC0-301F-11D3-BF4B-00C04F79EFBC}") = "CollectionUnitTests", "Collection\CollectionUnitTests\CollectionUnitTests.csproj", "{58C05215-8331-472D-9182-5C831DF90DD5}"
EndProject
Project("{2150E333-8FDC-42A3-9474-1A3956D46DE8}") = "BranchCover", "BranchCover", "{F202EF00-A56B-4E92-9547-138811807180}"
EndProject
Project("{FAE04EC0-301F-11D3-BF4B-00C04F79EFBC}") = "BranchCoverExample", "BranchCover\BranchCoverExample\BranchCoverExample.csproj", "{CB34AB68-0473-43D0-8560-C93360E57C64}"
EndProject
Project("{FAE04EC0-301F-11D3-BF4B-00C04F79EFBC}") = "BranchCoverExampleUnitTests", "BranchCover\BranchCoverExampleUnitTests\BranchCoverExampleUnitTests.csproj", "{B2857BD1-D1A2-4BDD-AF07-8031FA8B42F9}"
EndProject
Project("{2150E333-8FDC-42A3-9474-1A3956D46DE8}") = "Coverlet", "Coverlet", "{93C1785D-B092-4BE5-9F54-55932E16342C}"
EndProject
Project("{FAE04EC0-301F-11D3-BF4B-00C04F79EFBC}") = "Coverlet", "Coverlet\Coverlet\Coverlet.csproj", "{0680FD2F-5C42-4FF1-BE91-8FC48AC566AA}"
EndProject
Project("{FAE04EC0-301F-11D3-BF4B-00C04F79EFBC}") = "CoverletUnitTests", "Coverlet\CoverletUnitTests\CoverletUnitTests.csproj", "{7E4880E6-88E4-4EAD-9596-8B44CCE0D0C4}"
EndProject
Global
	GlobalSection(SolutionConfigurationPlatforms) = preSolution
		Debug|Any CPU = Debug|Any CPU
		Release|Any CPU = Release|Any CPU
	EndGlobalSection
	GlobalSection(ProjectConfigurationPlatforms) = postSolution
		{63F987AC-E057-45FC-9027-749E9F186275}.Debug|Any CPU.ActiveCfg = Debug|Any CPU
		{63F987AC-E057-45FC-9027-749E9F186275}.Debug|Any CPU.Build.0 = Debug|Any CPU
		{63F987AC-E057-45FC-9027-749E9F186275}.Release|Any CPU.ActiveCfg = Release|Any CPU
		{63F987AC-E057-45FC-9027-749E9F186275}.Release|Any CPU.Build.0 = Release|Any CPU
		{67629BBC-8AC3-4520-916E-92D948CFFB88}.Debug|Any CPU.ActiveCfg = Debug|Any CPU
		{67629BBC-8AC3-4520-916E-92D948CFFB88}.Debug|Any CPU.Build.0 = Debug|Any CPU
		{67629BBC-8AC3-4520-916E-92D948CFFB88}.Release|Any CPU.ActiveCfg = Release|Any CPU
		{67629BBC-8AC3-4520-916E-92D948CFFB88}.Release|Any CPU.Build.0 = Release|Any CPU
		{AD82CA27-E7D1-4FBD-9044-6B8ED09E588F}.Debug|Any CPU.ActiveCfg = Debug|Any CPU
		{AD82CA27-E7D1-4FBD-9044-6B8ED09E588F}.Debug|Any CPU.Build.0 = Debug|Any CPU
		{AD82CA27-E7D1-4FBD-9044-6B8ED09E588F}.Release|Any CPU.ActiveCfg = Release|Any CPU
		{AD82CA27-E7D1-4FBD-9044-6B8ED09E588F}.Release|Any CPU.Build.0 = Release|Any CPU
		{5E8F3535-7909-4B68-A794-113BB4809DBD}.Debug|Any CPU.ActiveCfg = Debug|Any CPU
		{5E8F3535-7909-4B68-A794-113BB4809DBD}.Debug|Any CPU.Build.0 = Debug|Any CPU
		{5E8F3535-7909-4B68-A794-113BB4809DBD}.Release|Any CPU.ActiveCfg = Release|Any CPU
		{5E8F3535-7909-4B68-A794-113BB4809DBD}.Release|Any CPU.Build.0 = Release|Any CPU
		{0646F896-FCE5-4B35-839D-6CBF33AB584A}.Debug|Any CPU.ActiveCfg = Debug|Any CPU
		{0646F896-FCE5-4B35-839D-6CBF33AB584A}.Debug|Any CPU.Build.0 = Debug|Any CPU
		{0646F896-FCE5-4B35-839D-6CBF33AB584A}.Release|Any CPU.ActiveCfg = Release|Any CPU
		{0646F896-FCE5-4B35-839D-6CBF33AB584A}.Release|Any CPU.Build.0 = Release|Any CPU
		{570DAF6E-1FE4-46CA-A101-BCC82B5AF44C}.Debug|Any CPU.ActiveCfg = Debug|Any CPU
		{570DAF6E-1FE4-46CA-A101-BCC82B5AF44C}.Debug|Any CPU.Build.0 = Debug|Any CPU
		{570DAF6E-1FE4-46CA-A101-BCC82B5AF44C}.Release|Any CPU.ActiveCfg = Release|Any CPU
		{570DAF6E-1FE4-46CA-A101-BCC82B5AF44C}.Release|Any CPU.Build.0 = Release|Any CPU
		{061D2B08-944B-47B9-926E-8E9BAEC00828}.Debug|Any CPU.ActiveCfg = Debug|Any CPU
		{061D2B08-944B-47B9-926E-8E9BAEC00828}.Debug|Any CPU.Build.0 = Debug|Any CPU
		{061D2B08-944B-47B9-926E-8E9BAEC00828}.Release|Any CPU.ActiveCfg = Release|Any CPU
		{061D2B08-944B-47B9-926E-8E9BAEC00828}.Release|Any CPU.Build.0 = Release|Any CPU
		{58C05215-8331-472D-9182-5C831DF90DD5}.Debug|Any CPU.ActiveCfg = Debug|Any CPU
		{58C05215-8331-472D-9182-5C831DF90DD5}.Debug|Any CPU.Build.0 = Debug|Any CPU
		{58C05215-8331-472D-9182-5C831DF90DD5}.Release|Any CPU.ActiveCfg = Release|Any CPU
		{58C05215-8331-472D-9182-5C831DF90DD5}.Release|Any CPU.Build.0 = Release|Any CPU
		{CB34AB68-0473-43D0-8560-C93360E57C64}.Debug|Any CPU.ActiveCfg = Debug|Any CPU
		{CB34AB68-0473-43D0-8560-C93360E57C64}.Debug|Any CPU.Build.0 = Debug|Any CPU
		{CB34AB68-0473-43D0-8560-C93360E57C64}.Release|Any CPU.ActiveCfg = Release|Any CPU
		{CB34AB68-0473-43D0-8560-C93360E57C64}.Release|Any CPU.Build.0 = Release|Any CPU
		{B2857BD1-D1A2-4BDD-AF07-8031FA8B42F9}.Debug|Any CPU.ActiveCfg = Debug|Any CPU
		{B2857BD1-D1A2-4BDD-AF07-8031FA8B42F9}.Debug|Any CPU.Build.0 = Debug|Any CPU
		{B2857BD1-D1A2-4BDD-AF07-8031FA8B42F9}.Release|Any CPU.ActiveCfg = Release|Any CPU
		{B2857BD1-D1A2-4BDD-AF07-8031FA8B42F9}.Release|Any CPU.Build.0 = Release|Any CPU
		{0680FD2F-5C42-4FF1-BE91-8FC48AC566AA}.Debug|Any CPU.ActiveCfg = Debug|Any CPU
		{0680FD2F-5C42-4FF1-BE91-8FC48AC566AA}.Debug|Any CPU.Build.0 = Debug|Any CPU
		{0680FD2F-5C42-4FF1-BE91-8FC48AC566AA}.Release|Any CPU.ActiveCfg = Release|Any CPU
		{0680FD2F-5C42-4FF1-BE91-8FC48AC566AA}.Release|Any CPU.Build.0 = Release|Any CPU
		{7E4880E6-88E4-4EAD-9596-8B44CCE0D0C4}.Debug|Any CPU.ActiveCfg = Debug|Any CPU
		{7E4880E6-88E4-4EAD-9596-8B44CCE0D0C4}.Debug|Any CPU.Build.0 = Debug|Any CPU
		{7E4880E6-88E4-4EAD-9596-8B44CCE0D0C4}.Release|Any CPU.ActiveCfg = Release|Any CPU
		{7E4880E6-88E4-4EAD-9596-8B44CCE0D0C4}.Release|Any CPU.Build.0 = Release|Any CPU
	EndGlobalSection
	GlobalSection(SolutionProperties) = preSolution
		HideSolutionNode = FALSE
	EndGlobalSection
	GlobalSection(NestedProjects) = preSolution
		{AD82CA27-E7D1-4FBD-9044-6B8ED09E588F} = {78A98578-E45A-47BC-9578-DCAEBF1FB47E}
		{5E8F3535-7909-4B68-A794-113BB4809DBD} = {78A98578-E45A-47BC-9578-DCAEBF1FB47E}
		{0646F896-FCE5-4B35-839D-6CBF33AB584A} = {E59D082C-1878-4F62-800D-00081319D12C}
		{570DAF6E-1FE4-46CA-A101-BCC82B5AF44C} = {E59D082C-1878-4F62-800D-00081319D12C}
		{061D2B08-944B-47B9-926E-8E9BAEC00828} = {C68DFC00-0473-4C3E-A770-AD20BDD36474}
		{58C05215-8331-472D-9182-5C831DF90DD5} = {C68DFC00-0473-4C3E-A770-AD20BDD36474}
		{CB34AB68-0473-43D0-8560-C93360E57C64} = {F202EF00-A56B-4E92-9547-138811807180}
		{B2857BD1-D1A2-4BDD-AF07-8031FA8B42F9} = {F202EF00-A56B-4E92-9547-138811807180}
		{0680FD2F-5C42-4FF1-BE91-8FC48AC566AA} = {93C1785D-B092-4BE5-9F54-55932E16342C}
		{7E4880E6-88E4-4EAD-9596-8B44CCE0D0C4} = {93C1785D-B092-4BE5-9F54-55932E16342C}
	EndGlobalSection
	GlobalSection(ExtensibilityGlobals) = postSolution
		SolutionGuid = {B225FE44-BDAA-440B-9C4B-48A8A36F4D6D}
	EndGlobalSection
EndGlobal
