
Microsoft Visual Studio Solution File, Format Version 12.00
# Visual Studio Version 17
VisualStudioVersion = 17.4.33110.190
MinimumVisualStudioVersion = 10.0.40219.1
Project("{FAE04EC0-301F-11D3-BF4B-00C04F79EFBC}") = "Examples", "Examples\Examples.csproj", "{63F987AC-E057-45FC-9027-749E9F186275}"
EndProject
Project("{FAE04EC0-301F-11D3-BF4B-00C04F79EFBC}") = "ExamplesUnitTests", "ExamplesUnitTests\ExamplesUnitTests.csproj", "{67629BBC-8AC3-4520-916E-92D948CFFB88}"
EndProject
Project("{2150E333-8FDC-42A3-9474-1A3956D46DE8}") = "BasicUnitTests", "BasicUnitTests", "{78A98578-E45A-47BC-9578-DCAEBF1FB47E}"
EndProject
Project("{FAE04EC0-301F-11D3-BF4B-00C04F79EFBC}") = "Calculator", "BasicUnitTests\Calculator\Calculator.csproj", "{AD82CA27-E7D1-4FBD-9044-6B8ED09E588F}"
EndProject
Project("{FAE04EC0-301F-11D3-BF4B-00C04F79EFBC}") = "CalculatorUnitTests", "BasicUnitTests\CalculatorUnitTests\CalculatorUnitTests.csproj", "{5E8F3535-7909-4B68-A794-113BB4809DBD}"
EndProject
Project("{2150E333-8FDC-42A3-9474-1A3956D46DE8}") = "CanWeTestIt", "CanWeTestIt", "{E59D082C-1878-4F62-800D-00081319D12C}"
EndProject
Project("{FAE04EC0-301F-11D3-BF4B-00C04F79EFBC}") = "UntestableCodeUnitTests", "UntestableCode\UntestableCodeTests\UntestableCodeUnitTests.csproj", "{0646F896-FCE5-4B35-839D-6CBF33AB584A}"
EndProject
Project("{FAE04EC0-301F-11D3-BF4B-00C04F79EFBC}") = "UntestableCode", "UntestableCode\UntestableCode\UntestableCode.csproj", "{570DAF6E-1FE4-46CA-A101-BCC82B5AF44C}"
EndProject
Project("{2150E333-8FDC-42A3-9474-1A3956D46DE8}") = "Collection", "Collection", "{C68DFC00-0473-4C3E-A770-AD20BDD36474}"
EndProject
Project("{FAE04EC0-301F-11D3-BF4B-00C04F79EFBC}") = "Collection", "Collection\collection\Collection.csproj", "{061D2B08-944B-47B9-926E-8E9BAEC00828}"
EndProject
Project("{FAE04EC0-301F-11D3-BF4B-00C04F79EFBC}") = "CollectionUnitTests", "Collection\CollectionUnitTests\CollectionUnitTests.csproj", "{58C05215-8331-472D-9182-5C831DF90DD5}"
EndProject
Project("{2150E333-8FDC-42A3-9474-1A3956D46DE8}") = "BranchCover", "BranchCover", "{F202EF00-A56B-4E92-9547-138811807180}"
EndProject
Project("{FAE04EC0-301F-11D3-BF4B-00C04F79EFBC}") = "BranchCoverExample", "BranchCover\BranchCoverExample\BranchCoverExample.csproj", "{CB34AB68-0473-43D0-8560-C93360E57C64}"
EndProject
Project("{FAE04EC0-301F-11D3-BF4B-00C04F79EFBC}") = "BranchCoverExampleUnitTests", "BranchCover\BranchCoverExampleUnitTests\BranchCoverExampleUnitTests.csproj", "{B2857BD1-D1A2-4BDD-AF07-8031FA8B42F9}"
EndProject
Project("{2150E333-8FDC-42A3-9474-1A3956D46DE8}") = "Coverlet", "Coverlet", "{93C1785D-B092-4BE5-9F54-55932E16342C}"
EndProject
Project("{FAE04EC0-301F-11D3-BF4B-00C04F79EFBC}") = "Coverlet", "Coverlet\Coverlet\Coverlet.csproj", "{0680FD2F-5C42-4FF1-BE91-8FC48AC566AA}"
EndProject
Project("{FAE04EC0-301F-11D3-BF4B-00C04F79EFBC}") = "CoverletUnitTests", "Coverlet\CoverletUnitTests\CoverletUnitTests.csproj", "{7E4880E6-88E4-4EAD-9596-8B44CCE0D0C4}"
EndProject
Project("{2150E333-8FDC-42A3-9474-1A3956D46DE8}") = "Tools", "Tools", "{B31A773B-DC14-4447-A356-5E0B3A2A1106}"
EndProject
Project("{FAE04EC0-301F-11D3-BF4B-00C04F79EFBC}") = "GitTools", "Tools\GitTools\GitTools.csproj", "{523E309C-1779-4277-9B85-68AB0ED0C5D0}"
EndProject
Project("{2150E333-8FDC-42A3-9474-1A3956D46DE8}") = "DemoCode", "DemoCode", "{600C656A-34B8-4AE9-92F2-8361E7B09692}"
EndProject
Project("{FAE04EC0-301F-11D3-BF4B-00C04F79EFBC}") = "CustomTabs", "CustomTabs\CustomTabs.csproj", "{CFB3D024-AF49-47C3-A361-C02884BF7B12}"
EndProject
Project("{FAE04EC0-301F-11D3-BF4B-00C04F79EFBC}") = "SaveAsJson", "DemoCode\SaveAsJson\SaveAsJson.csproj", "{C688091E-18D3-4059-8C96-7C46917C2B45}"
EndProject
Project("{FAE04EC0-301F-11D3-BF4B-00C04F79EFBC}") = "CreateVSProject", "DemoCode\CreateVSProject\CreateVSProject.csproj", "{CE071395-C7E5-4A47-8FB3-F24903EB301B}"
EndProject
Project("{2150E333-8FDC-42A3-9474-1A3956D46DE8}") = "AutoBuildProjects", "AutoBuildProjects", "{2B90AB08-A96C-4588-90C7-575B2D26101E}"
EndProject
Project("{9A19103F-16F7-4668-BE54-9A1E7A4F7556}") = "ProcessReader", "ProcessReader\ProcessReader.csproj", "{4CBF51AB-FC44-4E62-A8AA-C7DA8CE7209C}"
EndProject
Project("{2150E333-8FDC-42A3-9474-1A3956D46DE8}") = "MAUI", "MAUI", "{9BC3F4E3-C491-4013-B4D3-E47604F0E344}"
EndProject
Project("{9A19103F-16F7-4668-BE54-9A1E7A4F7556}") = "MauiTest", "MAUI\MauiTest\MauiTest.csproj", "{F9B4CA27-6816-4933-B4F4-988AD5BA41BB}"
EndProject
Project("{9A19103F-16F7-4668-BE54-9A1E7A4F7556}") = "OCR", "Tools\OCR\OCR.csproj", "{28E88AFB-9DAE-47DA-8B08-9C6757B012C1}"
EndProject
Project("{2150E333-8FDC-42A3-9474-1A3956D46DE8}") = "DownloadFiles", "DownloadFiles", "{B26B17F8-EBF1-4E69-98EA-3A848A72C1F8}"
EndProject
Project("{9A19103F-16F7-4668-BE54-9A1E7A4F7556}") = "DownloadFiles", "DownloadFiles\DownloadFiles\DownloadFiles.csproj", "{84986907-B84B-4085-B463-E3B588ECB3F7}"
EndProject
Project("{9A19103F-16F7-4668-BE54-9A1E7A4F7556}") = "GoogleAPITest", "DownloadFiles\GoogleAPITest\GoogleAPITest.csproj", "{72734F76-066E-45D3-B03F-2DC3D62E0754}"
EndProject
Project("{2150E333-8FDC-42A3-9474-1A3956D46DE8}") = "APIS", "APIS", "{DB9D27AC-704A-47E0-83C2-CE40E9FB450D}"
EndProject
Project("{2150E333-8FDC-42A3-9474-1A3956D46DE8}") = "Show", "Show", "{6945D3A0-2198-4AD5-B765-41496B2989EA}"
EndProject
Project("{FAE04EC0-301F-11D3-BF4B-00C04F79EFBC}") = "API-CatFacts", "Show\APIs\API-CatFacts\API-CatFacts.csproj", "{2634AD4B-6603-4CAF-BD6D-96EC50F76633}"
EndProject
Project("{9A19103F-16F7-4668-BE54-9A1E7A4F7556}") = "APITests", "Show\APIs\APITests\APITests.csproj", "{0F722AC4-CEC1-42B7-BAC4-57C1640E29BB}"
EndProject
Global
	GlobalSection(SolutionConfigurationPlatforms) = preSolution
		Debug|Any CPU = Debug|Any CPU
		Debug|x86 = Debug|x86
		Release|Any CPU = Release|Any CPU
		Release|x86 = Release|x86
	EndGlobalSection
	GlobalSection(ProjectConfigurationPlatforms) = postSolution
		{63F987AC-E057-45FC-9027-749E9F186275}.Debug|Any CPU.ActiveCfg = Debug|Any CPU
		{63F987AC-E057-45FC-9027-749E9F186275}.Debug|Any CPU.Build.0 = Debug|Any CPU
		{63F987AC-E057-45FC-9027-749E9F186275}.Debug|x86.ActiveCfg = Debug|Any CPU
		{63F987AC-E057-45FC-9027-749E9F186275}.Debug|x86.Build.0 = Debug|Any CPU
		{63F987AC-E057-45FC-9027-749E9F186275}.Release|Any CPU.ActiveCfg = Release|Any CPU
		{63F987AC-E057-45FC-9027-749E9F186275}.Release|Any CPU.Build.0 = Release|Any CPU
		{63F987AC-E057-45FC-9027-749E9F186275}.Release|x86.ActiveCfg = Release|Any CPU
		{63F987AC-E057-45FC-9027-749E9F186275}.Release|x86.Build.0 = Release|Any CPU
		{67629BBC-8AC3-4520-916E-92D948CFFB88}.Debug|Any CPU.ActiveCfg = Debug|Any CPU
		{67629BBC-8AC3-4520-916E-92D948CFFB88}.Debug|Any CPU.Build.0 = Debug|Any CPU
		{67629BBC-8AC3-4520-916E-92D948CFFB88}.Debug|x86.ActiveCfg = Debug|Any CPU
		{67629BBC-8AC3-4520-916E-92D948CFFB88}.Debug|x86.Build.0 = Debug|Any CPU
		{67629BBC-8AC3-4520-916E-92D948CFFB88}.Release|Any CPU.ActiveCfg = Release|Any CPU
		{67629BBC-8AC3-4520-916E-92D948CFFB88}.Release|Any CPU.Build.0 = Release|Any CPU
		{67629BBC-8AC3-4520-916E-92D948CFFB88}.Release|x86.ActiveCfg = Release|Any CPU
		{67629BBC-8AC3-4520-916E-92D948CFFB88}.Release|x86.Build.0 = Release|Any CPU
		{AD82CA27-E7D1-4FBD-9044-6B8ED09E588F}.Debug|Any CPU.ActiveCfg = Debug|Any CPU
		{AD82CA27-E7D1-4FBD-9044-6B8ED09E588F}.Debug|Any CPU.Build.0 = Debug|Any CPU
		{AD82CA27-E7D1-4FBD-9044-6B8ED09E588F}.Debug|x86.ActiveCfg = Debug|Any CPU
		{AD82CA27-E7D1-4FBD-9044-6B8ED09E588F}.Debug|x86.Build.0 = Debug|Any CPU
		{AD82CA27-E7D1-4FBD-9044-6B8ED09E588F}.Release|Any CPU.ActiveCfg = Release|Any CPU
		{AD82CA27-E7D1-4FBD-9044-6B8ED09E588F}.Release|Any CPU.Build.0 = Release|Any CPU
		{AD82CA27-E7D1-4FBD-9044-6B8ED09E588F}.Release|x86.ActiveCfg = Release|Any CPU
		{AD82CA27-E7D1-4FBD-9044-6B8ED09E588F}.Release|x86.Build.0 = Release|Any CPU
		{5E8F3535-7909-4B68-A794-113BB4809DBD}.Debug|Any CPU.ActiveCfg = Debug|Any CPU
		{5E8F3535-7909-4B68-A794-113BB4809DBD}.Debug|Any CPU.Build.0 = Debug|Any CPU
		{5E8F3535-7909-4B68-A794-113BB4809DBD}.Debug|x86.ActiveCfg = Debug|Any CPU
		{5E8F3535-7909-4B68-A794-113BB4809DBD}.Debug|x86.Build.0 = Debug|Any CPU
		{5E8F3535-7909-4B68-A794-113BB4809DBD}.Release|Any CPU.ActiveCfg = Release|Any CPU
		{5E8F3535-7909-4B68-A794-113BB4809DBD}.Release|Any CPU.Build.0 = Release|Any CPU
		{5E8F3535-7909-4B68-A794-113BB4809DBD}.Release|x86.ActiveCfg = Release|Any CPU
		{5E8F3535-7909-4B68-A794-113BB4809DBD}.Release|x86.Build.0 = Release|Any CPU
		{0646F896-FCE5-4B35-839D-6CBF33AB584A}.Debug|Any CPU.ActiveCfg = Debug|Any CPU
		{0646F896-FCE5-4B35-839D-6CBF33AB584A}.Debug|Any CPU.Build.0 = Debug|Any CPU
		{0646F896-FCE5-4B35-839D-6CBF33AB584A}.Debug|x86.ActiveCfg = Debug|Any CPU
		{0646F896-FCE5-4B35-839D-6CBF33AB584A}.Debug|x86.Build.0 = Debug|Any CPU
		{0646F896-FCE5-4B35-839D-6CBF33AB584A}.Release|Any CPU.ActiveCfg = Release|Any CPU
		{0646F896-FCE5-4B35-839D-6CBF33AB584A}.Release|Any CPU.Build.0 = Release|Any CPU
		{0646F896-FCE5-4B35-839D-6CBF33AB584A}.Release|x86.ActiveCfg = Release|Any CPU
		{0646F896-FCE5-4B35-839D-6CBF33AB584A}.Release|x86.Build.0 = Release|Any CPU
		{570DAF6E-1FE4-46CA-A101-BCC82B5AF44C}.Debug|Any CPU.ActiveCfg = Debug|Any CPU
		{570DAF6E-1FE4-46CA-A101-BCC82B5AF44C}.Debug|Any CPU.Build.0 = Debug|Any CPU
		{570DAF6E-1FE4-46CA-A101-BCC82B5AF44C}.Debug|x86.ActiveCfg = Debug|Any CPU
		{570DAF6E-1FE4-46CA-A101-BCC82B5AF44C}.Debug|x86.Build.0 = Debug|Any CPU
		{570DAF6E-1FE4-46CA-A101-BCC82B5AF44C}.Release|Any CPU.ActiveCfg = Release|Any CPU
		{570DAF6E-1FE4-46CA-A101-BCC82B5AF44C}.Release|Any CPU.Build.0 = Release|Any CPU
		{570DAF6E-1FE4-46CA-A101-BCC82B5AF44C}.Release|x86.ActiveCfg = Release|Any CPU
		{570DAF6E-1FE4-46CA-A101-BCC82B5AF44C}.Release|x86.Build.0 = Release|Any CPU
		{061D2B08-944B-47B9-926E-8E9BAEC00828}.Debug|Any CPU.ActiveCfg = Debug|Any CPU
		{061D2B08-944B-47B9-926E-8E9BAEC00828}.Debug|Any CPU.Build.0 = Debug|Any CPU
		{061D2B08-944B-47B9-926E-8E9BAEC00828}.Debug|x86.ActiveCfg = Debug|Any CPU
		{061D2B08-944B-47B9-926E-8E9BAEC00828}.Debug|x86.Build.0 = Debug|Any CPU
		{061D2B08-944B-47B9-926E-8E9BAEC00828}.Release|Any CPU.ActiveCfg = Release|Any CPU
		{061D2B08-944B-47B9-926E-8E9BAEC00828}.Release|Any CPU.Build.0 = Release|Any CPU
		{061D2B08-944B-47B9-926E-8E9BAEC00828}.Release|x86.ActiveCfg = Release|Any CPU
		{061D2B08-944B-47B9-926E-8E9BAEC00828}.Release|x86.Build.0 = Release|Any CPU
		{58C05215-8331-472D-9182-5C831DF90DD5}.Debug|Any CPU.ActiveCfg = Debug|Any CPU
		{58C05215-8331-472D-9182-5C831DF90DD5}.Debug|Any CPU.Build.0 = Debug|Any CPU
		{58C05215-8331-472D-9182-5C831DF90DD5}.Debug|x86.ActiveCfg = Debug|Any CPU
		{58C05215-8331-472D-9182-5C831DF90DD5}.Debug|x86.Build.0 = Debug|Any CPU
		{58C05215-8331-472D-9182-5C831DF90DD5}.Release|Any CPU.ActiveCfg = Release|Any CPU
		{58C05215-8331-472D-9182-5C831DF90DD5}.Release|Any CPU.Build.0 = Release|Any CPU
		{58C05215-8331-472D-9182-5C831DF90DD5}.Release|x86.ActiveCfg = Release|Any CPU
		{58C05215-8331-472D-9182-5C831DF90DD5}.Release|x86.Build.0 = Release|Any CPU
		{CB34AB68-0473-43D0-8560-C93360E57C64}.Debug|Any CPU.ActiveCfg = Debug|Any CPU
		{CB34AB68-0473-43D0-8560-C93360E57C64}.Debug|Any CPU.Build.0 = Debug|Any CPU
		{CB34AB68-0473-43D0-8560-C93360E57C64}.Debug|x86.ActiveCfg = Debug|Any CPU
		{CB34AB68-0473-43D0-8560-C93360E57C64}.Debug|x86.Build.0 = Debug|Any CPU
		{CB34AB68-0473-43D0-8560-C93360E57C64}.Release|Any CPU.ActiveCfg = Release|Any CPU
		{CB34AB68-0473-43D0-8560-C93360E57C64}.Release|Any CPU.Build.0 = Release|Any CPU
		{CB34AB68-0473-43D0-8560-C93360E57C64}.Release|x86.ActiveCfg = Release|Any CPU
		{CB34AB68-0473-43D0-8560-C93360E57C64}.Release|x86.Build.0 = Release|Any CPU
		{B2857BD1-D1A2-4BDD-AF07-8031FA8B42F9}.Debug|Any CPU.ActiveCfg = Debug|Any CPU
		{B2857BD1-D1A2-4BDD-AF07-8031FA8B42F9}.Debug|Any CPU.Build.0 = Debug|Any CPU
		{B2857BD1-D1A2-4BDD-AF07-8031FA8B42F9}.Debug|x86.ActiveCfg = Debug|Any CPU
		{B2857BD1-D1A2-4BDD-AF07-8031FA8B42F9}.Debug|x86.Build.0 = Debug|Any CPU
		{B2857BD1-D1A2-4BDD-AF07-8031FA8B42F9}.Release|Any CPU.ActiveCfg = Release|Any CPU
		{B2857BD1-D1A2-4BDD-AF07-8031FA8B42F9}.Release|Any CPU.Build.0 = Release|Any CPU
		{B2857BD1-D1A2-4BDD-AF07-8031FA8B42F9}.Release|x86.ActiveCfg = Release|Any CPU
		{B2857BD1-D1A2-4BDD-AF07-8031FA8B42F9}.Release|x86.Build.0 = Release|Any CPU
		{0680FD2F-5C42-4FF1-BE91-8FC48AC566AA}.Debug|Any CPU.ActiveCfg = Debug|Any CPU
		{0680FD2F-5C42-4FF1-BE91-8FC48AC566AA}.Debug|Any CPU.Build.0 = Debug|Any CPU
		{0680FD2F-5C42-4FF1-BE91-8FC48AC566AA}.Debug|x86.ActiveCfg = Debug|Any CPU
		{0680FD2F-5C42-4FF1-BE91-8FC48AC566AA}.Debug|x86.Build.0 = Debug|Any CPU
		{0680FD2F-5C42-4FF1-BE91-8FC48AC566AA}.Release|Any CPU.ActiveCfg = Release|Any CPU
		{0680FD2F-5C42-4FF1-BE91-8FC48AC566AA}.Release|x86.ActiveCfg = Release|Any CPU
		{0680FD2F-5C42-4FF1-BE91-8FC48AC566AA}.Release|x86.Build.0 = Release|Any CPU
		{7E4880E6-88E4-4EAD-9596-8B44CCE0D0C4}.Debug|Any CPU.ActiveCfg = Debug|Any CPU
		{7E4880E6-88E4-4EAD-9596-8B44CCE0D0C4}.Debug|Any CPU.Build.0 = Debug|Any CPU
		{7E4880E6-88E4-4EAD-9596-8B44CCE0D0C4}.Debug|x86.ActiveCfg = Debug|Any CPU
		{7E4880E6-88E4-4EAD-9596-8B44CCE0D0C4}.Debug|x86.Build.0 = Debug|Any CPU
		{7E4880E6-88E4-4EAD-9596-8B44CCE0D0C4}.Release|Any CPU.ActiveCfg = Release|Any CPU
		{7E4880E6-88E4-4EAD-9596-8B44CCE0D0C4}.Release|x86.ActiveCfg = Release|Any CPU
		{7E4880E6-88E4-4EAD-9596-8B44CCE0D0C4}.Release|x86.Build.0 = Release|Any CPU
		{523E309C-1779-4277-9B85-68AB0ED0C5D0}.Debug|Any CPU.ActiveCfg = Debug|Any CPU
		{523E309C-1779-4277-9B85-68AB0ED0C5D0}.Debug|Any CPU.Build.0 = Debug|Any CPU
		{523E309C-1779-4277-9B85-68AB0ED0C5D0}.Debug|x86.ActiveCfg = Debug|Any CPU
		{523E309C-1779-4277-9B85-68AB0ED0C5D0}.Debug|x86.Build.0 = Debug|Any CPU
		{523E309C-1779-4277-9B85-68AB0ED0C5D0}.Release|Any CPU.ActiveCfg = Release|Any CPU
		{523E309C-1779-4277-9B85-68AB0ED0C5D0}.Release|Any CPU.Build.0 = Release|Any CPU
		{523E309C-1779-4277-9B85-68AB0ED0C5D0}.Release|x86.ActiveCfg = Release|Any CPU
		{523E309C-1779-4277-9B85-68AB0ED0C5D0}.Release|x86.Build.0 = Release|Any CPU
		{CFB3D024-AF49-47C3-A361-C02884BF7B12}.Debug|Any CPU.ActiveCfg = Debug|Any CPU
		{CFB3D024-AF49-47C3-A361-C02884BF7B12}.Debug|Any CPU.Build.0 = Debug|Any CPU
		{CFB3D024-AF49-47C3-A361-C02884BF7B12}.Debug|x86.ActiveCfg = Debug|Any CPU
		{CFB3D024-AF49-47C3-A361-C02884BF7B12}.Debug|x86.Build.0 = Debug|Any CPU
		{CFB3D024-AF49-47C3-A361-C02884BF7B12}.Release|Any CPU.ActiveCfg = Release|Any CPU
		{CFB3D024-AF49-47C3-A361-C02884BF7B12}.Release|Any CPU.Build.0 = Release|Any CPU
		{CFB3D024-AF49-47C3-A361-C02884BF7B12}.Release|x86.ActiveCfg = Release|Any CPU
		{CFB3D024-AF49-47C3-A361-C02884BF7B12}.Release|x86.Build.0 = Release|Any CPU
		{C688091E-18D3-4059-8C96-7C46917C2B45}.Debug|Any CPU.ActiveCfg = Debug|Any CPU
		{C688091E-18D3-4059-8C96-7C46917C2B45}.Debug|Any CPU.Build.0 = Debug|Any CPU
		{C688091E-18D3-4059-8C96-7C46917C2B45}.Debug|x86.ActiveCfg = Debug|Any CPU
		{C688091E-18D3-4059-8C96-7C46917C2B45}.Debug|x86.Build.0 = Debug|Any CPU
		{C688091E-18D3-4059-8C96-7C46917C2B45}.Release|Any CPU.ActiveCfg = Release|Any CPU
		{C688091E-18D3-4059-8C96-7C46917C2B45}.Release|Any CPU.Build.0 = Release|Any CPU
		{C688091E-18D3-4059-8C96-7C46917C2B45}.Release|x86.ActiveCfg = Release|Any CPU
		{C688091E-18D3-4059-8C96-7C46917C2B45}.Release|x86.Build.0 = Release|Any CPU
		{CE071395-C7E5-4A47-8FB3-F24903EB301B}.Debug|Any CPU.ActiveCfg = Debug|Any CPU
		{CE071395-C7E5-4A47-8FB3-F24903EB301B}.Debug|Any CPU.Build.0 = Debug|Any CPU
		{CE071395-C7E5-4A47-8FB3-F24903EB301B}.Debug|x86.ActiveCfg = Debug|Any CPU
		{CE071395-C7E5-4A47-8FB3-F24903EB301B}.Debug|x86.Build.0 = Debug|Any CPU
		{CE071395-C7E5-4A47-8FB3-F24903EB301B}.Release|Any CPU.ActiveCfg = Release|Any CPU
		{CE071395-C7E5-4A47-8FB3-F24903EB301B}.Release|Any CPU.Build.0 = Release|Any CPU
		{CE071395-C7E5-4A47-8FB3-F24903EB301B}.Release|x86.ActiveCfg = Release|Any CPU
		{CE071395-C7E5-4A47-8FB3-F24903EB301B}.Release|x86.Build.0 = Release|Any CPU
		{4CBF51AB-FC44-4E62-A8AA-C7DA8CE7209C}.Debug|Any CPU.ActiveCfg = Debug|Any CPU
		{4CBF51AB-FC44-4E62-A8AA-C7DA8CE7209C}.Debug|Any CPU.Build.0 = Debug|Any CPU
		{4CBF51AB-FC44-4E62-A8AA-C7DA8CE7209C}.Debug|x86.ActiveCfg = Debug|Any CPU
		{4CBF51AB-FC44-4E62-A8AA-C7DA8CE7209C}.Debug|x86.Build.0 = Debug|Any CPU
		{4CBF51AB-FC44-4E62-A8AA-C7DA8CE7209C}.Release|Any CPU.ActiveCfg = Release|Any CPU
		{4CBF51AB-FC44-4E62-A8AA-C7DA8CE7209C}.Release|Any CPU.Build.0 = Release|Any CPU
		{4CBF51AB-FC44-4E62-A8AA-C7DA8CE7209C}.Release|x86.ActiveCfg = Release|Any CPU
		{4CBF51AB-FC44-4E62-A8AA-C7DA8CE7209C}.Release|x86.Build.0 = Release|Any CPU
		{F9B4CA27-6816-4933-B4F4-988AD5BA41BB}.Debug|Any CPU.ActiveCfg = Debug|Any CPU
		{F9B4CA27-6816-4933-B4F4-988AD5BA41BB}.Debug|Any CPU.Build.0 = Debug|Any CPU
		{F9B4CA27-6816-4933-B4F4-988AD5BA41BB}.Debug|Any CPU.Deploy.0 = Debug|Any CPU
		{F9B4CA27-6816-4933-B4F4-988AD5BA41BB}.Debug|x86.ActiveCfg = Debug|Any CPU
		{F9B4CA27-6816-4933-B4F4-988AD5BA41BB}.Debug|x86.Build.0 = Debug|Any CPU
		{F9B4CA27-6816-4933-B4F4-988AD5BA41BB}.Debug|x86.Deploy.0 = Debug|Any CPU
		{F9B4CA27-6816-4933-B4F4-988AD5BA41BB}.Release|Any CPU.ActiveCfg = Release|Any CPU
		{F9B4CA27-6816-4933-B4F4-988AD5BA41BB}.Release|Any CPU.Build.0 = Release|Any CPU
		{F9B4CA27-6816-4933-B4F4-988AD5BA41BB}.Release|Any CPU.Deploy.0 = Release|Any CPU
		{F9B4CA27-6816-4933-B4F4-988AD5BA41BB}.Release|x86.ActiveCfg = Release|Any CPU
		{F9B4CA27-6816-4933-B4F4-988AD5BA41BB}.Release|x86.Build.0 = Release|Any CPU
		{F9B4CA27-6816-4933-B4F4-988AD5BA41BB}.Release|x86.Deploy.0 = Release|Any CPU
		{28E88AFB-9DAE-47DA-8B08-9C6757B012C1}.Debug|Any CPU.ActiveCfg = Debug|Any CPU
		{28E88AFB-9DAE-47DA-8B08-9C6757B012C1}.Debug|Any CPU.Build.0 = Debug|Any CPU
		{28E88AFB-9DAE-47DA-8B08-9C6757B012C1}.Debug|x86.ActiveCfg = Debug|Any CPU
		{28E88AFB-9DAE-47DA-8B08-9C6757B012C1}.Debug|x86.Build.0 = Debug|Any CPU
		{28E88AFB-9DAE-47DA-8B08-9C6757B012C1}.Release|Any CPU.ActiveCfg = Release|Any CPU
		{28E88AFB-9DAE-47DA-8B08-9C6757B012C1}.Release|Any CPU.Build.0 = Release|Any CPU
		{28E88AFB-9DAE-47DA-8B08-9C6757B012C1}.Release|x86.ActiveCfg = Release|Any CPU
		{28E88AFB-9DAE-47DA-8B08-9C6757B012C1}.Release|x86.Build.0 = Release|Any CPU
		{84986907-B84B-4085-B463-E3B588ECB3F7}.Debug|Any CPU.ActiveCfg = Debug|Any CPU
		{84986907-B84B-4085-B463-E3B588ECB3F7}.Debug|Any CPU.Build.0 = Debug|Any CPU
		{84986907-B84B-4085-B463-E3B588ECB3F7}.Debug|x86.ActiveCfg = Debug|Any CPU
		{84986907-B84B-4085-B463-E3B588ECB3F7}.Debug|x86.Build.0 = Debug|Any CPU
		{84986907-B84B-4085-B463-E3B588ECB3F7}.Release|Any CPU.ActiveCfg = Release|Any CPU
		{84986907-B84B-4085-B463-E3B588ECB3F7}.Release|Any CPU.Build.0 = Release|Any CPU
		{84986907-B84B-4085-B463-E3B588ECB3F7}.Release|x86.ActiveCfg = Release|Any CPU
		{84986907-B84B-4085-B463-E3B588ECB3F7}.Release|x86.Build.0 = Release|Any CPU
		{72734F76-066E-45D3-B03F-2DC3D62E0754}.Debug|Any CPU.ActiveCfg = Debug|Any CPU
		{72734F76-066E-45D3-B03F-2DC3D62E0754}.Debug|Any CPU.Build.0 = Debug|Any CPU
		{72734F76-066E-45D3-B03F-2DC3D62E0754}.Debug|x86.ActiveCfg = Debug|Any CPU
		{72734F76-066E-45D3-B03F-2DC3D62E0754}.Debug|x86.Build.0 = Debug|Any CPU
		{72734F76-066E-45D3-B03F-2DC3D62E0754}.Release|Any CPU.ActiveCfg = Release|Any CPU
		{72734F76-066E-45D3-B03F-2DC3D62E0754}.Release|Any CPU.Build.0 = Release|Any CPU
		{72734F76-066E-45D3-B03F-2DC3D62E0754}.Release|x86.ActiveCfg = Release|Any CPU
		{72734F76-066E-45D3-B03F-2DC3D62E0754}.Release|x86.Build.0 = Release|Any CPU
		{2634AD4B-6603-4CAF-BD6D-96EC50F76633}.Debug|Any CPU.ActiveCfg = Debug|Any CPU
		{2634AD4B-6603-4CAF-BD6D-96EC50F76633}.Debug|Any CPU.Build.0 = Debug|Any CPU
		{2634AD4B-6603-4CAF-BD6D-96EC50F76633}.Debug|x86.ActiveCfg = Debug|Any CPU
		{2634AD4B-6603-4CAF-BD6D-96EC50F76633}.Debug|x86.Build.0 = Debug|Any CPU
		{2634AD4B-6603-4CAF-BD6D-96EC50F76633}.Release|Any CPU.ActiveCfg = Release|Any CPU
		{2634AD4B-6603-4CAF-BD6D-96EC50F76633}.Release|Any CPU.Build.0 = Release|Any CPU
		{2634AD4B-6603-4CAF-BD6D-96EC50F76633}.Release|x86.ActiveCfg = Release|Any CPU
		{2634AD4B-6603-4CAF-BD6D-96EC50F76633}.Release|x86.Build.0 = Release|Any CPU
		{0F722AC4-CEC1-42B7-BAC4-57C1640E29BB}.Debug|Any CPU.ActiveCfg = Debug|Any CPU
		{0F722AC4-CEC1-42B7-BAC4-57C1640E29BB}.Debug|Any CPU.Build.0 = Debug|Any CPU
		{0F722AC4-CEC1-42B7-BAC4-57C1640E29BB}.Debug|x86.ActiveCfg = Debug|Any CPU
		{0F722AC4-CEC1-42B7-BAC4-57C1640E29BB}.Debug|x86.Build.0 = Debug|Any CPU
		{0F722AC4-CEC1-42B7-BAC4-57C1640E29BB}.Release|Any CPU.ActiveCfg = Release|Any CPU
		{0F722AC4-CEC1-42B7-BAC4-57C1640E29BB}.Release|Any CPU.Build.0 = Release|Any CPU
		{0F722AC4-CEC1-42B7-BAC4-57C1640E29BB}.Release|x86.ActiveCfg = Release|Any CPU
		{0F722AC4-CEC1-42B7-BAC4-57C1640E29BB}.Release|x86.Build.0 = Release|Any CPU
	EndGlobalSection
	GlobalSection(SolutionProperties) = preSolution
		HideSolutionNode = FALSE
	EndGlobalSection
	GlobalSection(NestedProjects) = preSolution
		{AD82CA27-E7D1-4FBD-9044-6B8ED09E588F} = {78A98578-E45A-47BC-9578-DCAEBF1FB47E}
		{5E8F3535-7909-4B68-A794-113BB4809DBD} = {78A98578-E45A-47BC-9578-DCAEBF1FB47E}
		{0646F896-FCE5-4B35-839D-6CBF33AB584A} = {E59D082C-1878-4F62-800D-00081319D12C}
		{570DAF6E-1FE4-46CA-A101-BCC82B5AF44C} = {E59D082C-1878-4F62-800D-00081319D12C}
		{061D2B08-944B-47B9-926E-8E9BAEC00828} = {C68DFC00-0473-4C3E-A770-AD20BDD36474}
		{58C05215-8331-472D-9182-5C831DF90DD5} = {C68DFC00-0473-4C3E-A770-AD20BDD36474}
		{CB34AB68-0473-43D0-8560-C93360E57C64} = {F202EF00-A56B-4E92-9547-138811807180}
		{B2857BD1-D1A2-4BDD-AF07-8031FA8B42F9} = {F202EF00-A56B-4E92-9547-138811807180}
		{0680FD2F-5C42-4FF1-BE91-8FC48AC566AA} = {93C1785D-B092-4BE5-9F54-55932E16342C}
		{7E4880E6-88E4-4EAD-9596-8B44CCE0D0C4} = {93C1785D-B092-4BE5-9F54-55932E16342C}
		{523E309C-1779-4277-9B85-68AB0ED0C5D0} = {B31A773B-DC14-4447-A356-5E0B3A2A1106}
		{CFB3D024-AF49-47C3-A361-C02884BF7B12} = {600C656A-34B8-4AE9-92F2-8361E7B09692}
		{C688091E-18D3-4059-8C96-7C46917C2B45} = {600C656A-34B8-4AE9-92F2-8361E7B09692}
		{CE071395-C7E5-4A47-8FB3-F24903EB301B} = {600C656A-34B8-4AE9-92F2-8361E7B09692}
		{2B90AB08-A96C-4588-90C7-575B2D26101E} = {600C656A-34B8-4AE9-92F2-8361E7B09692}
		{F9B4CA27-6816-4933-B4F4-988AD5BA41BB} = {9BC3F4E3-C491-4013-B4D3-E47604F0E344}
		{28E88AFB-9DAE-47DA-8B08-9C6757B012C1} = {B31A773B-DC14-4447-A356-5E0B3A2A1106}
		{84986907-B84B-4085-B463-E3B588ECB3F7} = {B26B17F8-EBF1-4E69-98EA-3A848A72C1F8}
		{72734F76-066E-45D3-B03F-2DC3D62E0754} = {B26B17F8-EBF1-4E69-98EA-3A848A72C1F8}
		{DB9D27AC-704A-47E0-83C2-CE40E9FB450D} = {6945D3A0-2198-4AD5-B765-41496B2989EA}
		{2634AD4B-6603-4CAF-BD6D-96EC50F76633} = {DB9D27AC-704A-47E0-83C2-CE40E9FB450D}
		{0F722AC4-CEC1-42B7-BAC4-57C1640E29BB} = {DB9D27AC-704A-47E0-83C2-CE40E9FB450D}
	EndGlobalSection
	GlobalSection(ExtensibilityGlobals) = postSolution
		SolutionGuid = {B225FE44-BDAA-440B-9C4B-48A8A36F4D6D}
	EndGlobalSection
EndGlobal
