
Microsoft Visual Studio Solution File, Format Version 12.00
# Visual Studio 15
VisualStudioVersion = 15.0.28010.2003
MinimumVisualStudioVersion = 10.0.40219.1
Project("{E24C65DC-7377-472B-9ABA-BC803B73C61A}") = "HomeForms", "HomeForms\", "{C75FD0C0-CFFB-49C4-8652-BAA59072849C}"
	ProjectSection(WebsiteProperties) = preProject
		TargetFrameworkMoniker = ".NETFramework,Version%3Dv4.7.1"
		ProjectReferences = "{e84ab565-2282-4132-af24-aa321a3fd22f}|SQLCommon.dll;{d6450b1e-3ae5-4371-b251-e8f1491fc339}|Database.dll;"
		Debug.AspNetCompiler.VirtualPath = "/localhost_51773"
		Debug.AspNetCompiler.PhysicalPath = "HomeForms\"
		Debug.AspNetCompiler.TargetPath = "PrecompiledWeb\localhost_51773\"
		Debug.AspNetCompiler.Updateable = "true"
		Debug.AspNetCompiler.ForceOverwrite = "true"
		Debug.AspNetCompiler.FixedNames = "false"
		Debug.AspNetCompiler.Debug = "True"
		Release.AspNetCompiler.VirtualPath = "/localhost_51773"
		Release.AspNetCompiler.PhysicalPath = "HomeForms\"
		Release.AspNetCompiler.TargetPath = "PrecompiledWeb\localhost_51773\"
		Release.AspNetCompiler.Updateable = "true"
		Release.AspNetCompiler.ForceOverwrite = "true"
		Release.AspNetCompiler.FixedNames = "false"
		Release.AspNetCompiler.Debug = "False"
		VWDPort = "51773"
		SlnRelativePath = "HomeForms\"
		DefaultWebSiteLanguage = "Visual C#"
	EndProjectSection
EndProject
Global
	GlobalSection(SolutionConfigurationPlatforms) = preSolution
		Debug|Any CPU = Debug|Any CPU
		Release|Any CPU = Release|Any CPU
	EndGlobalSection
	GlobalSection(ProjectConfigurationPlatforms) = postSolution
		{C75FD0C0-CFFB-49C4-8652-BAA59072849C}.Debug|Any CPU.ActiveCfg = Debug|Any CPU
		{C75FD0C0-CFFB-49C4-8652-BAA59072849C}.Debug|Any CPU.Build.0 = Debug|Any CPU
		{C75FD0C0-CFFB-49C4-8652-BAA59072849C}.Release|Any CPU.ActiveCfg = Debug|Any CPU
		{C75FD0C0-CFFB-49C4-8652-BAA59072849C}.Release|Any CPU.Build.0 = Debug|Any CPU
	EndGlobalSection
	GlobalSection(SolutionProperties) = preSolution
		HideSolutionNode = FALSE
	EndGlobalSection
	GlobalSection(ExtensibilityGlobals) = postSolution
		SolutionGuid = {8482BCC6-DA80-4B21-8730-9DD973B34055}
	EndGlobalSection
EndGlobal
